
Microsoft Visual Studio Solution File, Format Version 12.00
# Visual Studio Version 17
VisualStudioVersion = 17.6.33723.286
MinimumVisualStudioVersion = 10.0.40219.1
Project("{FAE04EC0-301F-11D3-BF4B-00C04F79EFBC}") = "Homework", "Homework\Homework.csproj", "{8F265F0A-384C-4DFC-B55B-C7DF31CD714F}"
EndProject
Global
	GlobalSection(SolutionConfigurationPlatforms) = preSolution
		Debug|Any CPU = Debug|Any CPU
		Release|Any CPU = Release|Any CPU
	EndGlobalSection
	GlobalSection(ProjectConfigurationPlatforms) = postSolution
		{8F265F0A-384C-4DFC-B55B-C7DF31CD714F}.Debug|Any CPU.ActiveCfg = Debug|Any CPU
		{8F265F0A-384C-4DFC-B55B-C7DF31CD714F}.Debug|Any CPU.Build.0 = Debug|Any CPU
		{8F265F0A-384C-4DFC-B55B-C7DF31CD714F}.Release|Any CPU.ActiveCfg = Release|Any CPU
		{8F265F0A-384C-4DFC-B55B-C7DF31CD714F}.Release|Any CPU.Build.0 = Release|Any CPU
	EndGlobalSection
	GlobalSection(SolutionProperties) = preSolution
		HideSolutionNode = FALSE
	EndGlobalSection
	GlobalSection(ExtensibilityGlobals) = postSolution
		SolutionGuid = {9B46AC71-C178-419C-9E58-2D0300B07972}
	EndGlobalSection
EndGlobal
